{
  "name": "delete-workflow-runs",
  "version": "1.0.4",
  "lockfileVersion": 2,
  "requires": true,
  "packages": {
    "": {
      "name": "delete-workflow-runs",
      "version": "1.0.4",
      "license": "MIT",
      "bin": {
        "delete-workflow-runs": "delete-workflow-runs.sh"
      }
    }
  }
}
